<?xml version="1.0" encoding="utf-8"?>
<Project ToolsVersion="4.0" xmlns="http://schemas.microsoft.com/developer/msbuild/2003">
  <ItemGroup>
    <Filter Include="资源文件">
      <UniqueIdentifier>{67DA6AB6-F800-4c08-8B7A-83BB121AAD01}</UniqueIdentifier>
      <Extensions>rc;ico;cur;bmp;dlg;rc2;rct;bin;rgs;gif;jpg;jpeg;jpe;resx;tiff;tif;png;wav;mfcribbon-ms</Extensions>
    </Filter>
    <Filter Include="DataStructure">
      <UniqueIdentifier>{4FC737F1-C7A5-4376-A066-2A32D752A2FF}</UniqueIdentifier>
      <Extensions>cpp;c;cc;cxx;c++;cppm;ixx;def;odl;idl;hpj;bat;asm;asmx</Extensions>
    </Filter>
    <Filter Include="DataStructure\头文件">
      <UniqueIdentifier>{93995380-89BD-4b04-88EB-625FBE52EBFB}</UniqueIdentifier>
      <Extensions>h;hh;hpp;hxx;h++;hm;inl;inc;ipp;xsd</Extensions>
    </Filter>
  </ItemGroup>
  <ItemGroup>
    <ClCompile Include="Graph.cpp">
      <Filter>DataStructure</Filter>
    </ClCompile>
    <ClCompile Include="LinkList.cpp">
      <Filter>DataStructure</Filter>
    </ClCompile>
    <ClCompile Include="CircularDoubleyLinkList.cpp">
      <Filter>DataStructure\头文件</Filter>
    </ClCompile>
    <ClCompile Include="Stack.cpp">
      <Filter>DataStructure\头文件</Filter>
    </ClCompile>
    <ClCompile Include="Sequeue.cpp">
      <Filter>DataStructure\头文件</Filter>
    </ClCompile>
    <ClCompile Include="Tree.cpp">
      <Filter>DataStructure\头文件</Filter>
    </ClCompile>
    <ClCompile Include="SharedStack.cpp">
      <Filter>DataStructure\头文件</Filter>
    </ClCompile>
    <ClCompile Include="串的暴力匹配与KMP算法.cpp">
      <Filter>DataStructure\头文件</Filter>
    </ClCompile>
    <ClCompile Include="ClueTree.cpp">
      <Filter>DataStructure\头文件</Filter>
    </ClCompile>
    <ClCompile Include="PostfixExpression.cpp">
      <Filter>DataStructure\头文件</Filter>
    </ClCompile>
    <ClCompile Include="HuffmanTree.cpp">
      <Filter>DataStructure\头文件</Filter>
    </ClCompile>
    <ClCompile Include="AdjacencyMatrix邻接矩阵.cpp">
      <Filter>DataStructure\头文件</Filter>
    </ClCompile>
    <ClCompile Include="AdjacencyList邻接链表.cpp">
      <Filter>DataStructure\头文件</Filter>
    </ClCompile>
    <ClCompile Include="OrthogonalList十字链表.cpp">
      <Filter>DataStructure\头文件</Filter>
    </ClCompile>
    <ClCompile Include="MultiList多重邻接链表.cpp">
      <Filter>DataStructure</Filter>
    </ClCompile>
    <ClCompile Include="DisjointSet并查集.cpp">
      <Filter>DataStructure</Filter>
    </ClCompile>
    <ClCompile Include="树的孩子表示法.cpp">
      <Filter>DataStructure</Filter>
    </ClCompile>
    <ClCompile Include="树的双亲表示法.cpp">
      <Filter>DataStructure</Filter>
    </ClCompile>
    <ClCompile Include="树和森林与二叉树间的转换.cpp">
      <Filter>DataStructure\头文件</Filter>
    </ClCompile>
    <ClCompile Include="BFS图的广度优先遍历.cpp">
      <Filter>DataStructure\头文件</Filter>
    </ClCompile>
    <ClCompile Include="DFS图的深度优先遍历.cpp">
      <Filter>DataStructure</Filter>
    </ClCompile>
    <ClCompile Include="Prime算法.cpp">
      <Filter>DataStructure</Filter>
    </ClCompile>
    <ClCompile Include="kruskal算法.cpp">
      <Filter>DataStructure</Filter>
    </ClCompile>
    <ClCompile Include="Dijkstra算法求单源最短路径问题.cpp">
      <Filter>DataStructure\头文件</Filter>
    </ClCompile>
    <ClCompile Include="Floyd算法求各顶点间最短路径问题.cpp">
      <Filter>DataStructure</Filter>
    </ClCompile>
    <ClCompile Include="SeqSearch顺序查找.cpp">
      <Filter>DataStructure</Filter>
    </ClCompile>
    <ClCompile Include="BinarySearch二分查找.cpp">
      <Filter>DataStructure</Filter>
    </ClCompile>
    <ClCompile Include="二叉排序树BST.cpp">
      <Filter>DataStructure</Filter>
    </ClCompile>
    <ClCompile Include="HanNuoTa.cpp">
      <Filter>DataStructure</Filter>
    </ClCompile>
    <ClCompile Include="从n个数中选r个数的组合总数.cpp">
      <Filter>DataStructure</Filter>
    </ClCompile>
  </ItemGroup>
  <ItemGroup>
    <ClInclude Include="resource.h">
      <Filter>DataStructure\头文件</Filter>
    </ClInclude>
  </ItemGroup>
  <ItemGroup>
    <ResourceCompile Include="DataStructure.rc">
      <Filter>资源文件</Filter>
    </ResourceCompile>
  </ItemGroup>
</Project>